// !$*UTF8*$!
{
	archiveVersion = 1;
	classes = {
	};
	objectVersion = 56;
	objects = {

/* Begin PBXBuildFile section */
		F93D4CB02BF3BB6800621CD8 /* App575App.swift in Sources */ = {isa = PBXBuildFile; fileRef = F93D4CAF2BF3BB6800621CD8 /* App575App.swift */; };
		F93D4CB22BF3BB6800621CD8 /* ContentView.swift in Sources */ = {isa = PBXBuildFile; fileRef = F93D4CB12BF3BB6800621CD8 /* ContentView.swift */; };
		F93D4CB42BF3BB6900621CD8 /* Assets.xcassets in Resources */ = {isa = PBXBuildFile; fileRef = F93D4CB32BF3BB6900621CD8 /* Assets.xcassets */; };
		F93D4CB72BF3BB6900621CD8 /* Preview Assets.xcassets in Resources */ = {isa = PBXBuildFile; fileRef = F93D4CB62BF3BB6900621CD8 /* Preview Assets.xcassets */; };
		F93D4CBE2BF3BBD300621CD8 /* Launch Screen.storyboard in Resources */ = {isa = PBXBuildFile; fileRef = F93D4CBD2BF3BBD300621CD8 /* Launch Screen.storyboard */; };
		F93D4CC32BF3BC1500621CD8 /* LoadingView.swift in Sources */ = {isa = PBXBuildFile; fileRef = F93D4CC22BF3BC1500621CD8 /* LoadingView.swift */; };
		F93D4CC92BF3BC2700621CD8 /* Reviewers_1.swift in Sources */ = {isa = PBXBuildFile; fileRef = F93D4CC82BF3BC2700621CD8 /* Reviewers_1.swift */; };
		F93D4CCB2BF3BC2B00621CD8 /* Reviewers_2.swift in Sources */ = {isa = PBXBuildFile; fileRef = F93D4CCA2BF3BC2B00621CD8 /* Reviewers_2.swift */; };
		F93D4CCD2BF3BC2F00621CD8 /* Users_1.swift in Sources */ = {isa = PBXBuildFile; fileRef = F93D4CCC2BF3BC2F00621CD8 /* Users_1.swift */; };
		F93D4CCF2BF3BC3200621CD8 /* Users_2.swift in Sources */ = {isa = PBXBuildFile; fileRef = F93D4CCE2BF3BC3200621CD8 /* Users_2.swift */; };
		F93D4CD12BF3BC3500621CD8 /* Users_3.swift in Sources */ = {isa = PBXBuildFile; fileRef = F93D4CD02BF3BC3500621CD8 /* Users_3.swift */; };
		F93D4CD62BF3BE3B00621CD8 /* Was.swift in Sources */ = {isa = PBXBuildFile; fileRef = F93D4CD52BF3BE3B00621CD8 /* Was.swift */; };
		F93D4CD82BF3BE3E00621CD8 /* Das.swift in Sources */ = {isa = PBXBuildFile; fileRef = F93D4CD72BF3BE3E00621CD8 /* Das.swift */; };
		F93D4CDA2BF3BE4100621CD8 /* Sas.swift in Sources */ = {isa = PBXBuildFile; fileRef = F93D4CD92BF3BE4100621CD8 /* Sas.swift */; };
/* End PBXBuildFile section */

/* Begin PBXFileReference section */
		F93D4CAC2BF3BB6800621CD8 /* App575.app */ = {isa = PBXFileReference; explicitFileType = wrapper.application; includeInIndex = 0; path = App575.app; sourceTree = BUILT_PRODUCTS_DIR; };
		F93D4CAF2BF3BB6800621CD8 /* App575App.swift */ = {isa = PBXFileReference; lastKnownFileType = sourcecode.swift; path = App575App.swift; sourceTree = "<group>"; };
		F93D4CB12BF3BB6800621CD8 /* ContentView.swift */ = {isa = PBXFileReference; lastKnownFileType = sourcecode.swift; path = ContentView.swift; sourceTree = "<group>"; };
		F93D4CB32BF3BB6900621CD8 /* Assets.xcassets */ = {isa = PBXFileReference; lastKnownFileType = folder.assetcatalog; path = Assets.xcassets; sourceTree = "<group>"; };
		F93D4CB62BF3BB6900621CD8 /* Preview Assets.xcassets */ = {isa = PBXFileReference; lastKnownFileType = folder.assetcatalog; path = "Preview Assets.xcassets"; sourceTree = "<group>"; };
		F93D4CBD2BF3BBD300621CD8 /* Launch Screen.storyboard */ = {isa = PBXFileReference; lastKnownFileType = file.storyboard; path = "Launch Screen.storyboard"; sourceTree = "<group>"; };
		F93D4CBF2BF3BBF600621CD8 /* Info.plist */ = {isa = PBXFileReference; lastKnownFileType = text.plist; path = Info.plist; sourceTree = "<group>"; };
		F93D4CC02BF3BBF800621CD8 /* App575.entitlements */ = {isa = PBXFileReference; lastKnownFileType = text.plist.entitlements; path = App575.entitlements; sourceTree = "<group>"; };
		F93D4CC22BF3BC1500621CD8 /* LoadingView.swift */ = {isa = PBXFileReference; lastKnownFileType = sourcecode.swift; path = LoadingView.swift; sourceTree = "<group>"; };
		F93D4CC82BF3BC2700621CD8 /* Reviewers_1.swift */ = {isa = PBXFileReference; lastKnownFileType = sourcecode.swift; path = Reviewers_1.swift; sourceTree = "<group>"; };
		F93D4CCA2BF3BC2B00621CD8 /* Reviewers_2.swift */ = {isa = PBXFileReference; lastKnownFileType = sourcecode.swift; path = Reviewers_2.swift; sourceTree = "<group>"; };
		F93D4CCC2BF3BC2F00621CD8 /* Users_1.swift */ = {isa = PBXFileReference; lastKnownFileType = sourcecode.swift; path = Users_1.swift; sourceTree = "<group>"; };
		F93D4CCE2BF3BC3200621CD8 /* Users_2.swift */ = {isa = PBXFileReference; lastKnownFileType = sourcecode.swift; path = Users_2.swift; sourceTree = "<group>"; };
		F93D4CD02BF3BC3500621CD8 /* Users_3.swift */ = {isa = PBXFileReference; lastKnownFileType = sourcecode.swift; path = Users_3.swift; sourceTree = "<group>"; };
		F93D4CD52BF3BE3B00621CD8 /* Was.swift */ = {isa = PBXFileReference; lastKnownFileType = sourcecode.swift; path = Was.swift; sourceTree = "<group>"; };
		F93D4CD72BF3BE3E00621CD8 /* Das.swift */ = {isa = PBXFileReference; lastKnownFileType = sourcecode.swift; path = Das.swift; sourceTree = "<group>"; };
		F93D4CD92BF3BE4100621CD8 /* Sas.swift */ = {isa = PBXFileReference; lastKnownFileType = sourcecode.swift; path = Sas.swift; sourceTree = "<group>"; };
/* End PBXFileReference section */

/* Begin PBXFrameworksBuildPhase section */
		F93D4CA92BF3BB6800621CD8 /* Frameworks */ = {
			isa = PBXFrameworksBuildPhase;
			buildActionMask = 2147483647;
			files = (
			);
			runOnlyForDeploymentPostprocessing = 0;
		};
/* End PBXFrameworksBuildPhase section */

/* Begin PBXGroup section */
		F93D4CA32BF3BB6800621CD8 = {
			isa = PBXGroup;
			children = (
				F93D4CAE2BF3BB6800621CD8 /* App575 */,
				F93D4CAD2BF3BB6800621CD8 /* Products */,
			);
			sourceTree = "<group>";
		};
		F93D4CAD2BF3BB6800621CD8 /* Products */ = {
			isa = PBXGroup;
			children = (
				F93D4CAC2BF3BB6800621CD8 /* App575.app */,
			);
			name = Products;
			sourceTree = "<group>";
		};
		F93D4CAE2BF3BB6800621CD8 /* App575 */ = {
			isa = PBXGroup;
			children = (
				F93D4CC02BF3BBF800621CD8 /* App575.entitlements */,
				F93D4CBF2BF3BBF600621CD8 /* Info.plist */,
				F93D4CAF2BF3BB6800621CD8 /* App575App.swift */,
				F93D4CB12BF3BB6800621CD8 /* ContentView.swift */,
				F93D4CC12BF3BC0C00621CD8 /* Project */,
				F93D4CBD2BF3BBD300621CD8 /* Launch Screen.storyboard */,
				F93D4CB32BF3BB6900621CD8 /* Assets.xcassets */,
				F93D4CB52BF3BB6900621CD8 /* Preview Content */,
			);
			path = App575;
			sourceTree = "<group>";
		};
		F93D4CB52BF3BB6900621CD8 /* Preview Content */ = {
			isa = PBXGroup;
			children = (
				F93D4CB62BF3BB6900621CD8 /* Preview Assets.xcassets */,
			);
			path = "Preview Content";
			sourceTree = "<group>";
		};
		F93D4CC12BF3BC0C00621CD8 /* Project */ = {
			isa = PBXGroup;
			children = (
				F93D4CC52BF3BC1B00621CD8 /* Extens */,
				F93D4CC22BF3BC1500621CD8 /* LoadingView.swift */,
				F93D4CC42BF3BC1700621CD8 /* Splash */,
			);
			path = Project;
			sourceTree = "<group>";
		};
		F93D4CC42BF3BC1700621CD8 /* Splash */ = {
			isa = PBXGroup;
			children = (
				F93D4CC72BF3BC2100621CD8 /* Reviewers */,
				F93D4CC62BF3BC1F00621CD8 /* Users */,
			);
			path = Splash;
			sourceTree = "<group>";
		};
		F93D4CC52BF3BC1B00621CD8 /* Extens */ = {
			isa = PBXGroup;
			children = (
				F93D4CD52BF3BE3B00621CD8 /* Was.swift */,
				F93D4CD72BF3BE3E00621CD8 /* Das.swift */,
				F93D4CD92BF3BE4100621CD8 /* Sas.swift */,
			);
			path = Extens;
			sourceTree = "<group>";
		};
		F93D4CC62BF3BC1F00621CD8 /* Users */ = {
			isa = PBXGroup;
			children = (
				F93D4CCC2BF3BC2F00621CD8 /* Users_1.swift */,
				F93D4CCE2BF3BC3200621CD8 /* Users_2.swift */,
				F93D4CD02BF3BC3500621CD8 /* Users_3.swift */,
			);
			path = Users;
			sourceTree = "<group>";
		};
		F93D4CC72BF3BC2100621CD8 /* Reviewers */ = {
			isa = PBXGroup;
			children = (
				F93D4CC82BF3BC2700621CD8 /* Reviewers_1.swift */,
				F93D4CCA2BF3BC2B00621CD8 /* Reviewers_2.swift */,
			);
			path = Reviewers;
			sourceTree = "<group>";
		};
/* End PBXGroup section */

/* Begin PBXNativeTarget section */
		F93D4CAB2BF3BB6800621CD8 /* App575 */ = {
			isa = PBXNativeTarget;
			buildConfigurationList = F93D4CBA2BF3BB6900621CD8 /* Build configuration list for PBXNativeTarget "App575" */;
			buildPhases = (
				F93D4CA82BF3BB6800621CD8 /* Sources */,
				F93D4CA92BF3BB6800621CD8 /* Frameworks */,
				F93D4CAA2BF3BB6800621CD8 /* Resources */,
			);
			buildRules = (
			);
			dependencies = (
			);
			name = App575;
			packageProductDependencies = (
			);
			productName = App575;
			productReference = F93D4CAC2BF3BB6800621CD8 /* App575.app */;
			productType = "com.apple.product-type.application";
		};
/* End PBXNativeTarget section */

/* Begin PBXProject section */
		F93D4CA42BF3BB6800621CD8 /* Project object */ = {
			isa = PBXProject;
			attributes = {
				BuildIndependentTargetsInParallel = 1;
				LastSwiftUpdateCheck = 1530;
				LastUpgradeCheck = 1530;
				TargetAttributes = {
					F93D4CAB2BF3BB6800621CD8 = {
						CreatedOnToolsVersion = 15.3;
					};
				};
			};
			buildConfigurationList = F93D4CA72BF3BB6800621CD8 /* Build configuration list for PBXProject "App575" */;
			compatibilityVersion = "Xcode 14.0";
			developmentRegion = en;
			hasScannedForEncodings = 0;
			knownRegions = (
				en,
				Base,
			);
			mainGroup = F93D4CA32BF3BB6800621CD8;
			packageReferences = (
			);
			productRefGroup = F93D4CAD2BF3BB6800621CD8 /* Products */;
			projectDirPath = "";
			projectRoot = "";
			targets = (
				F93D4CAB2BF3BB6800621CD8 /* App575 */,
			);
		};
/* End PBXProject section */

/* Begin PBXResourcesBuildPhase section */
		F93D4CAA2BF3BB6800621CD8 /* Resources */ = {
			isa = PBXResourcesBuildPhase;
			buildActionMask = 2147483647;
			files = (
				F93D4CBE2BF3BBD300621CD8 /* Launch Screen.storyboard in Resources */,
				F93D4CB72BF3BB6900621CD8 /* Preview Assets.xcassets in Resources */,
				F93D4CB42BF3BB6900621CD8 /* Assets.xcassets in Resources */,
			);
			runOnlyForDeploymentPostprocessing = 0;
		};
/* End PBXResourcesBuildPhase section */

/* Begin PBXSourcesBuildPhase section */
		F93D4CA82BF3BB6800621CD8 /* Sources */ = {
			isa = PBXSourcesBuildPhase;
			buildActionMask = 2147483647;
			files = (
				F93D4CD62BF3BE3B00621CD8 /* Was.swift in Sources */,
				F93D4CCF2BF3BC3200621CD8 /* Users_2.swift in Sources */,
				F93D4CCD2BF3BC2F00621CD8 /* Users_1.swift in Sources */,
				F93D4CC92BF3BC2700621CD8 /* Reviewers_1.swift in Sources */,
				F93D4CDA2BF3BE4100621CD8 /* Sas.swift in Sources */,
				F93D4CCB2BF3BC2B00621CD8 /* Reviewers_2.swift in Sources */,
				F93D4CD12BF3BC3500621CD8 /* Users_3.swift in Sources */,
				F93D4CB22BF3BB6800621CD8 /* ContentView.swift in Sources */,
				F93D4CB02BF3BB6800621CD8 /* App575App.swift in Sources */,
				F93D4CD82BF3BE3E00621CD8 /* Das.swift in Sources */,
				F93D4CC32BF3BC1500621CD8 /* LoadingView.swift in Sources */,
			);
			runOnlyForDeploymentPostprocessing = 0;
		};
/* End PBXSourcesBuildPhase section */

/* Begin XCBuildConfiguration section */
		F93D4CB82BF3BB6900621CD8 /* Debug */ = {
			isa = XCBuildConfiguration;
			buildSettings = {
				ALWAYS_SEARCH_USER_PATHS = NO;
				ASSETCATALOG_COMPILER_GENERATE_SWIFT_ASSET_SYMBOL_EXTENSIONS = YES;
				CLANG_ANALYZER_NONNULL = YES;
				CLANG_ANALYZER_NUMBER_OBJECT_CONVERSION = YES_AGGRESSIVE;
				CLANG_CXX_LANGUAGE_STANDARD = "gnu++20";
				CLANG_ENABLE_MODULES = YES;
				CLANG_ENABLE_OBJC_ARC = YES;
				CLANG_ENABLE_OBJC_WEAK = YES;
				CLANG_WARN_BLOCK_CAPTURE_AUTORELEASING = YES;
				CLANG_WARN_BOOL_CONVERSION = YES;
				CLANG_WARN_COMMA = YES;
				CLANG_WARN_CONSTANT_CONVERSION = YES;
				CLANG_WARN_DEPRECATED_OBJC_IMPLEMENTATIONS = YES;
				CLANG_WARN_DIRECT_OBJC_ISA_USAGE = YES_ERROR;
				CLANG_WARN_DOCUMENTATION_COMMENTS = YES;
				CLANG_WARN_EMPTY_BODY = YES;
				CLANG_WARN_ENUM_CONVERSION = YES;
				CLANG_WARN_INFINITE_RECURSION = YES;
				CLANG_WARN_INT_CONVERSION = YES;
				CLANG_WARN_NON_LITERAL_NULL_CONVERSION = YES;
				CLANG_WARN_OBJC_IMPLICIT_RETAIN_SELF = YES;
				CLANG_WARN_OBJC_LITERAL_CONVERSION = YES;
				CLANG_WARN_OBJC_ROOT_CLASS = YES_ERROR;
				CLANG_WARN_QUOTED_INCLUDE_IN_FRAMEWORK_HEADER = YES;
				CLANG_WARN_RANGE_LOOP_ANALYSIS = YES;
				CLANG_WARN_STRICT_PROTOTYPES = YES;
				CLANG_WARN_SUSPICIOUS_MOVE = YES;
				CLANG_WARN_UNGUARDED_AVAILABILITY = YES_AGGRESSIVE;
				CLANG_WARN_UNREACHABLE_CODE = YES;
				CLANG_WARN__DUPLICATE_METHOD_MATCH = YES;
				COPY_PHASE_STRIP = NO;
				DEBUG_INFORMATION_FORMAT = dwarf;
				ENABLE_STRICT_OBJC_MSGSEND = YES;
				ENABLE_TESTABILITY = YES;
				ENABLE_USER_SCRIPT_SANDBOXING = YES;
				GCC_C_LANGUAGE_STANDARD = gnu17;
				GCC_DYNAMIC_NO_PIC = NO;
				GCC_NO_COMMON_BLOCKS = YES;
				GCC_OPTIMIZATION_LEVEL = 0;
				GCC_PREPROCESSOR_DEFINITIONS = (
					"DEBUG=1",
					"$(inherited)",
				);
				GCC_WARN_64_TO_32_BIT_CONVERSION = YES;
				GCC_WARN_ABOUT_RETURN_TYPE = YES_ERROR;
				GCC_WARN_UNDECLARED_SELECTOR = YES;
				GCC_WARN_UNINITIALIZED_AUTOS = YES_AGGRESSIVE;
				GCC_WARN_UNUSED_FUNCTION = YES;
				GCC_WARN_UNUSED_VARIABLE = YES;
				IPHONEOS_DEPLOYMENT_TARGET = 14.0;
				LOCALIZATION_PREFERS_STRING_CATALOGS = YES;
				MTL_ENABLE_DEBUG_INFO = INCLUDE_SOURCE;
				MTL_FAST_MATH = YES;
				ONLY_ACTIVE_ARCH = YES;
				SDKROOT = iphoneos;
				SWIFT_ACTIVE_COMPILATION_CONDITIONS = "DEBUG $(inherited)";
				SWIFT_OPTIMIZATION_LEVEL = "-Onone";
			};
			name = Debug;
		};
		F93D4CB92BF3BB6900621CD8 /* Release */ = {
			isa = XCBuildConfiguration;
			buildSettings = {
				ALWAYS_SEARCH_USER_PATHS = NO;
				ASSETCATALOG_COMPILER_GENERATE_SWIFT_ASSET_SYMBOL_EXTENSIONS = YES;
				CLANG_ANALYZER_NONNULL = YES;
				CLANG_ANALYZER_NUMBER_OBJECT_CONVERSION = YES_AGGRESSIVE;
				CLANG_CXX_LANGUAGE_STANDARD = "gnu++20";
				CLANG_ENABLE_MODULES = YES;
				CLANG_ENABLE_OBJC_ARC = YES;
				CLANG_ENABLE_OBJC_WEAK = YES;
				CLANG_WARN_BLOCK_CAPTURE_AUTORELEASING = YES;
				CLANG_WARN_BOOL_CONVERSION = YES;
				CLANG_WARN_COMMA = YES;
				CLANG_WARN_CONSTANT_CONVERSION = YES;
				CLANG_WARN_DEPRECATED_OBJC_IMPLEMENTATIONS = YES;
				CLANG_WARN_DIRECT_OBJC_ISA_USAGE = YES_ERROR;
				CLANG_WARN_DOCUMENTATION_COMMENTS = YES;
				CLANG_WARN_EMPTY_BODY = YES;
				CLANG_WARN_ENUM_CONVERSION = YES;
				CLANG_WARN_INFINITE_RECURSION = YES;
				CLANG_WARN_INT_CONVERSION = YES;
				CLANG_WARN_NON_LITERAL_NULL_CONVERSION = YES;
				CLANG_WARN_OBJC_IMPLICIT_RETAIN_SELF = YES;
				CLANG_WARN_OBJC_LITERAL_CONVERSION = YES;
				CLANG_WARN_OBJC_ROOT_CLASS = YES_ERROR;
				CLANG_WARN_QUOTED_INCLUDE_IN_FRAMEWORK_HEADER = YES;
				CLANG_WARN_RANGE_LOOP_ANALYSIS = YES;
				CLANG_WARN_STRICT_PROTOTYPES = YES;
				CLANG_WARN_SUSPICIOUS_MOVE = YES;
				CLANG_WARN_UNGUARDED_AVAILABILITY = YES_AGGRESSIVE;
				CLANG_WARN_UNREACHABLE_CODE = YES;
				CLANG_WARN__DUPLICATE_METHOD_MATCH = YES;
				COPY_PHASE_STRIP = NO;
				DEBUG_INFORMATION_FORMAT = "dwarf-with-dsym";
				ENABLE_NS_ASSERTIONS = NO;
				ENABLE_STRICT_OBJC_MSGSEND = YES;
				ENABLE_USER_SCRIPT_SANDBOXING = YES;
				GCC_C_LANGUAGE_STANDARD = gnu17;
				GCC_NO_COMMON_BLOCKS = YES;
				GCC_WARN_64_TO_32_BIT_CONVERSION = YES;
				GCC_WARN_ABOUT_RETURN_TYPE = YES_ERROR;
				GCC_WARN_UNDECLARED_SELECTOR = YES;
				GCC_WARN_UNINITIALIZED_AUTOS = YES_AGGRESSIVE;
				GCC_WARN_UNUSED_FUNCTION = YES;
				GCC_WARN_UNUSED_VARIABLE = YES;
				IPHONEOS_DEPLOYMENT_TARGET = 14.0;
				LOCALIZATION_PREFERS_STRING_CATALOGS = YES;
				MTL_ENABLE_DEBUG_INFO = NO;
				MTL_FAST_MATH = YES;
				SDKROOT = iphoneos;
				SWIFT_COMPILATION_MODE = wholemodule;
				VALIDATE_PRODUCT = YES;
			};
			name = Release;
		};
		F93D4CBB2BF3BB6900621CD8 /* Debug */ = {
			isa = XCBuildConfiguration;
			buildSettings = {
				ASSETCATALOG_COMPILER_APPICON_NAME = AppIcon;
				ASSETCATALOG_COMPILER_GLOBAL_ACCENT_COLOR_NAME = AccentColor;
				CODE_SIGN_ENTITLEMENTS = App575/App575.entitlements;
				CODE_SIGN_STYLE = Automatic;
				CURRENT_PROJECT_VERSION = 2;
				DEVELOPMENT_ASSET_PATHS = "\"App575/Preview Content\"";
				ENABLE_PREVIEWS = YES;
				GENERATE_INFOPLIST_FILE = YES;
				INFOPLIST_FILE = App575/Info.plist;
				INFOPLIST_KEY_CFBundleDisplayName = "Poker: Online.";
				INFOPLIST_KEY_UIApplicationSceneManifest_Generation = YES;
				INFOPLIST_KEY_UIApplicationSupportsIndirectInputEvents = YES;
				INFOPLIST_KEY_UILaunchScreen_Generation = YES;
				INFOPLIST_KEY_UILaunchStoryboardName = "Launch Screen.storyboard";
				INFOPLIST_KEY_UISupportedInterfaceOrientations = UIInterfaceOrientationPortrait;
				INFOPLIST_KEY_UISupportedInterfaceOrientations_iPad = "UIInterfaceOrientationLandscapeLeft UIInterfaceOrientationLandscapeRight UIInterfaceOrientationPortrait UIInterfaceOrientationPortraitUpsideDown";
				LD_RUNPATH_SEARCH_PATHS = (
					"$(inherited)",
					"@executable_path/Frameworks",
				);
				MARKETING_VERSION = 1.1;
				PRODUCT_BUNDLE_IDENTIFIER = main.App575;
				PRODUCT_NAME = "$(TARGET_NAME)";
				SUPPORTED_PLATFORMS = "iphoneos iphonesimulator";
				SUPPORTS_MACCATALYST = NO;
				SUPPORTS_MAC_DESIGNED_FOR_IPHONE_IPAD = NO;
				SUPPORTS_XR_DESIGNED_FOR_IPHONE_IPAD = NO;
				SWIFT_EMIT_LOC_STRINGS = YES;
				SWIFT_VERSION = 5.0;
				TARGETED_DEVICE_FAMILY = 1;
			};
			name = Debug;
		};
		F93D4CBC2BF3BB6900621CD8 /* Release */ = {
			isa = XCBuildConfiguration;
			buildSettings = {
				ASSETCATALOG_COMPILER_APPICON_NAME = AppIcon;
				ASSETCATALOG_COMPILER_GLOBAL_ACCENT_COLOR_NAME = AccentColor;
				CODE_SIGN_ENTITLEMENTS = App575/App575.entitlements;
				CODE_SIGN_STYLE = Automatic;
				CURRENT_PROJECT_VERSION = 2;
				DEVELOPMENT_ASSET_PATHS = "\"App575/Preview Content\"";
				ENABLE_PREVIEWS = YES;
				GENERATE_INFOPLIST_FILE = YES;
				INFOPLIST_FILE = App575/Info.plist;
				INFOPLIST_KEY_CFBundleDisplayName = "Poker: Online.";
				INFOPLIST_KEY_UIApplicationSceneManifest_Generation = YES;
				INFOPLIST_KEY_UIApplicationSupportsIndirectInputEvents = YES;
				INFOPLIST_KEY_UILaunchScreen_Generation = YES;
				INFOPLIST_KEY_UILaunchStoryboardName = "Launch Screen.storyboard";
				INFOPLIST_KEY_UISupportedInterfaceOrientations = UIInterfaceOrientationPortrait;
				INFOPLIST_KEY_UISupportedInterfaceOrientations_iPad = "UIInterfaceOrientationLandscapeLeft UIInterfaceOrientationLandscapeRight UIInterfaceOrientationPortrait UIInterfaceOrientationPortraitUpsideDown";
				LD_RUNPATH_SEARCH_PATHS = (
					"$(inherited)",
					"@executable_path/Frameworks",
				);
				MARKETING_VERSION = 1.1;
				PRODUCT_BUNDLE_IDENTIFIER = main.App575;
				PRODUCT_NAME = "$(TARGET_NAME)";
				SUPPORTED_PLATFORMS = "iphoneos iphonesimulator";
				SUPPORTS_MACCATALYST = NO;
				SUPPORTS_MAC_DESIGNED_FOR_IPHONE_IPAD = NO;
				SUPPORTS_XR_DESIGNED_FOR_IPHONE_IPAD = NO;
				SWIFT_EMIT_LOC_STRINGS = YES;
				SWIFT_VERSION = 5.0;
				TARGETED_DEVICE_FAMILY = 1;
			};
			name = Release;
		};
/* End XCBuildConfiguration section */

/* Begin XCConfigurationList section */
		F93D4CA72BF3BB6800621CD8 /* Build configuration list for PBXProject "App575" */ = {
			isa = XCConfigurationList;
			buildConfigurations = (
				F93D4CB82BF3BB6900621CD8 /* Debug */,
				F93D4CB92BF3BB6900621CD8 /* Release */,
			);
			defaultConfigurationIsVisible = 0;
			defaultConfigurationName = Release;
		};
		F93D4CBA2BF3BB6900621CD8 /* Build configuration list for PBXNativeTarget "App575" */ = {
			isa = XCConfigurationList;
			buildConfigurations = (
				F93D4CBB2BF3BB6900621CD8 /* Debug */,
				F93D4CBC2BF3BB6900621CD8 /* Release */,
			);
			defaultConfigurationIsVisible = 0;
			defaultConfigurationName = Release;
		};
/* End XCConfigurationList section */
	};
	rootObject = F93D4CA42BF3BB6800621CD8 /* Project object */;
}
